// !$*UTF8*$!
{
	archiveVersion = 1;
	classes = {
	};
	objectVersion = 50;
	objects = {

/* Begin PBXBuildFile section */
		38CB1223221542AE0011D239 /* AppDelegate.m in Sources */ = {isa = PBXBuildFile; fileRef = 38CB1222221542AE0011D239 /* AppDelegate.m */; };
		38CB1226221542AE0011D239 /* ViewController.m in Sources */ = {isa = PBXBuildFile; fileRef = 38CB1225221542AE0011D239 /* ViewController.m */; };
		38CB122B221542B00011D239 /* Assets.xcassets in Resources */ = {isa = PBXBuildFile; fileRef = 38CB122A221542B00011D239 /* Assets.xcassets */; };
		38CB1231221542B00011D239 /* main.m in Sources */ = {isa = PBXBuildFile; fileRef = 38CB1230221542B00011D239 /* main.m */; };
		38CB126C221545830011D239 /* TestADCardView.m in Sources */ = {isa = PBXBuildFile; fileRef = 38CB1267221545820011D239 /* TestADCardView.m */; };
		38CB126D221545830011D239 /* JXYCardStackView.m in Sources */ = {isa = PBXBuildFile; fileRef = 38CB1268221545830011D239 /* JXYCardStackView.m */; };
		38CB126E221545830011D239 /* JXYBaseCardView.m in Sources */ = {isa = PBXBuildFile; fileRef = 38CB126A221545830011D239 /* JXYBaseCardView.m */; };
		38CB128D221548F00011D239 /* 3.png in Resources */ = {isa = PBXBuildFile; fileRef = 38CB1283221548EF0011D239 /* 3.png */; };
		38CB128E221548F00011D239 /* 4.png in Resources */ = {isa = PBXBuildFile; fileRef = 38CB1284221548EF0011D239 /* 4.png */; };
		38CB128F221548F00011D239 /* 2.png in Resources */ = {isa = PBXBuildFile; fileRef = 38CB1285221548EF0011D239 /* 2.png */; };
		38CB1290221548F00011D239 /* 8.png in Resources */ = {isa = PBXBuildFile; fileRef = 38CB1286221548F00011D239 /* 8.png */; };
		38CB1291221548F00011D239 /* 10.png in Resources */ = {isa = PBXBuildFile; fileRef = 38CB1287221548F00011D239 /* 10.png */; };
		38CB1292221548F00011D239 /* 1.png in Resources */ = {isa = PBXBuildFile; fileRef = 38CB1288221548F00011D239 /* 1.png */; };
		38CB1293221548F00011D239 /* 6.png in Resources */ = {isa = PBXBuildFile; fileRef = 38CB1289221548F00011D239 /* 6.png */; };
		38CB1294221548F00011D239 /* 7.png in Resources */ = {isa = PBXBuildFile; fileRef = 38CB128A221548F00011D239 /* 7.png */; };
		38CB1295221548F00011D239 /* 5.png in Resources */ = {isa = PBXBuildFile; fileRef = 38CB128B221548F00011D239 /* 5.png */; };
		38CB1296221548F00011D239 /* 9.png in Resources */ = {isa = PBXBuildFile; fileRef = 38CB128C221548F00011D239 /* 9.png */; };
		38CB1298221552C10011D239 /* im_messageList_noData_icon@3x.png in Resources */ = {isa = PBXBuildFile; fileRef = 38CB1297221552C10011D239 /* im_messageList_noData_icon@3x.png */; };
		B5D0AC56221660D40032236F /* LaunchScreen.storyboard in Resources */ = {isa = PBXBuildFile; fileRef = B5D0AC54221660D40032236F /* LaunchScreen.storyboard */; };
		B5D0AC57221660D40032236F /* Main.storyboard in Resources */ = {isa = PBXBuildFile; fileRef = B5D0AC55221660D40032236F /* Main.storyboard */; };
/* End PBXBuildFile section */

/* Begin PBXFileReference section */
		38CB121E221542AE0011D239 /* test.app */ = {isa = PBXFileReference; explicitFileType = wrapper.application; includeInIndex = 0; path = test.app; sourceTree = BUILT_PRODUCTS_DIR; };
		38CB1221221542AE0011D239 /* AppDelegate.h */ = {isa = PBXFileReference; lastKnownFileType = sourcecode.c.h; path = AppDelegate.h; sourceTree = "<group>"; };
		38CB1222221542AE0011D239 /* AppDelegate.m */ = {isa = PBXFileReference; lastKnownFileType = sourcecode.c.objc; path = AppDelegate.m; sourceTree = "<group>"; };
		38CB1224221542AE0011D239 /* ViewController.h */ = {isa = PBXFileReference; lastKnownFileType = sourcecode.c.h; path = ViewController.h; sourceTree = "<group>"; };
		38CB1225221542AE0011D239 /* ViewController.m */ = {isa = PBXFileReference; lastKnownFileType = sourcecode.c.objc; path = ViewController.m; sourceTree = "<group>"; };
		38CB122A221542B00011D239 /* Assets.xcassets */ = {isa = PBXFileReference; lastKnownFileType = folder.assetcatalog; path = Assets.xcassets; sourceTree = "<group>"; };
		38CB122F221542B00011D239 /* Info.plist */ = {isa = PBXFileReference; lastKnownFileType = text.plist.xml; path = Info.plist; sourceTree = "<group>"; };
		38CB1230221542B00011D239 /* main.m */ = {isa = PBXFileReference; lastKnownFileType = sourcecode.c.objc; path = main.m; sourceTree = "<group>"; };
		38CB123A221542B00011D239 /* testTests.m */ = {isa = PBXFileReference; lastKnownFileType = sourcecode.c.objc; path = testTests.m; sourceTree = "<group>"; };
		38CB123C221542B00011D239 /* Info.plist */ = {isa = PBXFileReference; lastKnownFileType = text.plist.xml; path = Info.plist; sourceTree = "<group>"; };
		38CB1245221542B00011D239 /* testUITests.m */ = {isa = PBXFileReference; lastKnownFileType = sourcecode.c.objc; path = testUITests.m; sourceTree = "<group>"; };
		38CB1247221542B00011D239 /* Info.plist */ = {isa = PBXFileReference; lastKnownFileType = text.plist.xml; path = Info.plist; sourceTree = "<group>"; };
		38CB1265221545820011D239 /* JXYCardStackView.h */ = {isa = PBXFileReference; fileEncoding = 4; lastKnownFileType = sourcecode.c.h; path = JXYCardStackView.h; sourceTree = "<group>"; };
		38CB1266221545820011D239 /* JXYBaseCardView.h */ = {isa = PBXFileReference; fileEncoding = 4; lastKnownFileType = sourcecode.c.h; path = JXYBaseCardView.h; sourceTree = "<group>"; };
		38CB1267221545820011D239 /* TestADCardView.m */ = {isa = PBXFileReference; fileEncoding = 4; lastKnownFileType = sourcecode.c.objc; path = TestADCardView.m; sourceTree = "<group>"; };
		38CB1268221545830011D239 /* JXYCardStackView.m */ = {isa = PBXFileReference; fileEncoding = 4; lastKnownFileType = sourcecode.c.objc; path = JXYCardStackView.m; sourceTree = "<group>"; };
		38CB1269221545830011D239 /* TestADCardView.h */ = {isa = PBXFileReference; fileEncoding = 4; lastKnownFileType = sourcecode.c.h; path = TestADCardView.h; sourceTree = "<group>"; };
		38CB126A221545830011D239 /* JXYBaseCardView.m */ = {isa = PBXFileReference; fileEncoding = 4; lastKnownFileType = sourcecode.c.objc; path = JXYBaseCardView.m; sourceTree = "<group>"; };
		38CB1283221548EF0011D239 /* 3.png */ = {isa = PBXFileReference; lastKnownFileType = image.png; path = 3.png; sourceTree = "<group>"; };
		38CB1284221548EF0011D239 /* 4.png */ = {isa = PBXFileReference; lastKnownFileType = image.png; path = 4.png; sourceTree = "<group>"; };
		38CB1285221548EF0011D239 /* 2.png */ = {isa = PBXFileReference; lastKnownFileType = image.png; path = 2.png; sourceTree = "<group>"; };
		38CB1286221548F00011D239 /* 8.png */ = {isa = PBXFileReference; lastKnownFileType = image.png; path = 8.png; sourceTree = "<group>"; };
		38CB1287221548F00011D239 /* 10.png */ = {isa = PBXFileReference; lastKnownFileType = image.png; path = 10.png; sourceTree = "<group>"; };
		38CB1288221548F00011D239 /* 1.png */ = {isa = PBXFileReference; lastKnownFileType = image.png; path = 1.png; sourceTree = "<group>"; };
		38CB1289221548F00011D239 /* 6.png */ = {isa = PBXFileReference; lastKnownFileType = image.png; path = 6.png; sourceTree = "<group>"; };
		38CB128A221548F00011D239 /* 7.png */ = {isa = PBXFileReference; lastKnownFileType = image.png; path = 7.png; sourceTree = "<group>"; };
		38CB128B221548F00011D239 /* 5.png */ = {isa = PBXFileReference; lastKnownFileType = image.png; path = 5.png; sourceTree = "<group>"; };
		38CB128C221548F00011D239 /* 9.png */ = {isa = PBXFileReference; lastKnownFileType = image.png; path = 9.png; sourceTree = "<group>"; };
		38CB1297221552C10011D239 /* im_messageList_noData_icon@3x.png */ = {isa = PBXFileReference; lastKnownFileType = image.png; path = "im_messageList_noData_icon@3x.png"; sourceTree = "<group>"; };
		B5D0AC54221660D40032236F /* LaunchScreen.storyboard */ = {isa = PBXFileReference; fileEncoding = 4; lastKnownFileType = file.storyboard; path = LaunchScreen.storyboard; sourceTree = "<group>"; };
		B5D0AC55221660D40032236F /* Main.storyboard */ = {isa = PBXFileReference; fileEncoding = 4; lastKnownFileType = file.storyboard; path = Main.storyboard; sourceTree = "<group>"; };
		B5D0AC582216A9650032236F /* JXCardViewProtcol.h */ = {isa = PBXFileReference; lastKnownFileType = sourcecode.c.h; path = JXCardViewProtcol.h; sourceTree = "<group>"; };
		B5D0AC5F2216A9E80032236F /* AppDelegate.h */ = {isa = PBXFileReference; lastKnownFileType = sourcecode.c.h; path = AppDelegate.h; sourceTree = "<group>"; };
		B5D0AC602216A9E80032236F /* AppDelegate.m */ = {isa = PBXFileReference; lastKnownFileType = sourcecode.c.objc; path = AppDelegate.m; sourceTree = "<group>"; };
		B5D0AC622216A9E80032236F /* ViewController.h */ = {isa = PBXFileReference; lastKnownFileType = sourcecode.c.h; path = ViewController.h; sourceTree = "<group>"; };
		B5D0AC632216A9E80032236F /* ViewController.m */ = {isa = PBXFileReference; lastKnownFileType = sourcecode.c.objc; path = ViewController.m; sourceTree = "<group>"; };
		B5D0AC662216A9E80032236F /* Base */ = {isa = PBXFileReference; lastKnownFileType = file.storyboard; name = Base; path = Base.lproj/Main.storyboard; sourceTree = "<group>"; };
		B5D0AC682216A9EA0032236F /* Assets.xcassets */ = {isa = PBXFileReference; lastKnownFileType = folder.assetcatalog; path = Assets.xcassets; sourceTree = "<group>"; };
		B5D0AC6B2216A9EA0032236F /* Base */ = {isa = PBXFileReference; lastKnownFileType = file.storyboard; name = Base; path = Base.lproj/LaunchScreen.storyboard; sourceTree = "<group>"; };
		B5D0AC6D2216A9EA0032236F /* Info.plist */ = {isa = PBXFileReference; lastKnownFileType = text.plist.xml; path = Info.plist; sourceTree = "<group>"; };
		B5D0AC6E2216A9EA0032236F /* main.m */ = {isa = PBXFileReference; lastKnownFileType = sourcecode.c.objc; path = main.m; sourceTree = "<group>"; };
		B5D0AC732216AA6C0032236F /* JXCardStackingView.h */ = {isa = PBXFileReference; lastKnownFileType = sourcecode.c.h; path = JXCardStackingView.h; sourceTree = "<group>"; };
		B5D0AC742216AA6C0032236F /* JXCardStackingView.m */ = {isa = PBXFileReference; lastKnownFileType = sourcecode.c.objc; path = JXCardStackingView.m; sourceTree = "<group>"; };
/* End PBXFileReference section */

/* Begin PBXFrameworksBuildPhase section */
		38CB121B221542AE0011D239 /* Frameworks */ = {
			isa = PBXFrameworksBuildPhase;
			buildActionMask = 2147483647;
			files = (
			);
			runOnlyForDeploymentPostprocessing = 0;
		};
/* End PBXFrameworksBuildPhase section */

/* Begin PBXGroup section */
		38CB1215221542AE0011D239 = {
			isa = PBXGroup;
			children = (
				38CB1220221542AE0011D239 /* test */,
				38CB1239221542B00011D239 /* testTests */,
				38CB1244221542B00011D239 /* testUITests */,
				B5D0AC5E2216A9E80032236F /* JXCardView */,
				38CB121F221542AE0011D239 /* Products */,
			);
			sourceTree = "<group>";
		};
		38CB121F221542AE0011D239 /* Products */ = {
			isa = PBXGroup;
			children = (
				38CB121E221542AE0011D239 /* test.app */,
			);
			name = Products;
			sourceTree = "<group>";
		};
		38CB1220221542AE0011D239 /* test */ = {
			isa = PBXGroup;
			children = (
				B5D0AC54221660D40032236F /* LaunchScreen.storyboard */,
				B5D0AC55221660D40032236F /* Main.storyboard */,
				38CB1297221552C10011D239 /* im_messageList_noData_icon@3x.png */,
				38CB1288221548F00011D239 /* 1.png */,
				38CB1285221548EF0011D239 /* 2.png */,
				38CB1283221548EF0011D239 /* 3.png */,
				38CB1284221548EF0011D239 /* 4.png */,
				38CB128B221548F00011D239 /* 5.png */,
				38CB1289221548F00011D239 /* 6.png */,
				38CB128A221548F00011D239 /* 7.png */,
				38CB1286221548F00011D239 /* 8.png */,
				38CB128C221548F00011D239 /* 9.png */,
				38CB1287221548F00011D239 /* 10.png */,
				38CB1269221545830011D239 /* TestADCardView.h */,
				38CB1267221545820011D239 /* TestADCardView.m */,
				38CB1266221545820011D239 /* JXYBaseCardView.h */,
				38CB126A221545830011D239 /* JXYBaseCardView.m */,
				38CB1265221545820011D239 /* JXYCardStackView.h */,
				38CB1268221545830011D239 /* JXYCardStackView.m */,
				38CB1221221542AE0011D239 /* AppDelegate.h */,
				38CB1222221542AE0011D239 /* AppDelegate.m */,
				38CB1224221542AE0011D239 /* ViewController.h */,
				38CB1225221542AE0011D239 /* ViewController.m */,
				38CB122A221542B00011D239 /* Assets.xcassets */,
				38CB122F221542B00011D239 /* Info.plist */,
				38CB1230221542B00011D239 /* main.m */,
			);
			path = test;
			sourceTree = "<group>";
		};
		38CB1239221542B00011D239 /* testTests */ = {
			isa = PBXGroup;
			children = (
				38CB123A221542B00011D239 /* testTests.m */,
				38CB123C221542B00011D239 /* Info.plist */,
			);
			path = testTests;
			sourceTree = "<group>";
		};
		38CB1244221542B00011D239 /* testUITests */ = {
			isa = PBXGroup;
			children = (
				38CB1245221542B00011D239 /* testUITests.m */,
				38CB1247221542B00011D239 /* Info.plist */,
			);
			path = testUITests;
			sourceTree = "<group>";
		};
		B5D0AC5E2216A9E80032236F /* JXCardView */ = {
			isa = PBXGroup;
			children = (
				B5D0AC582216A9650032236F /* JXCardViewProtcol.h */,
				B5D0AC732216AA6C0032236F /* JXCardStackingView.h */,
				B5D0AC742216AA6C0032236F /* JXCardStackingView.m */,
				B5D0AC5F2216A9E80032236F /* AppDelegate.h */,
				B5D0AC602216A9E80032236F /* AppDelegate.m */,
				B5D0AC622216A9E80032236F /* ViewController.h */,
				B5D0AC632216A9E80032236F /* ViewController.m */,
				B5D0AC652216A9E80032236F /* Main.storyboard */,
				B5D0AC682216A9EA0032236F /* Assets.xcassets */,
				B5D0AC6A2216A9EA0032236F /* LaunchScreen.storyboard */,
				B5D0AC6D2216A9EA0032236F /* Info.plist */,
				B5D0AC6E2216A9EA0032236F /* main.m */,
			);
			path = JXCardView;
			sourceTree = "<group>";
		};
/* End PBXGroup section */

/* Begin PBXNativeTarget section */
		38CB121D221542AE0011D239 /* test */ = {
			isa = PBXNativeTarget;
			buildConfigurationList = 38CB124A221542B00011D239 /* Build configuration list for PBXNativeTarget "test" */;
			buildPhases = (
				38CB121A221542AE0011D239 /* Sources */,
				38CB121B221542AE0011D239 /* Frameworks */,
				38CB121C221542AE0011D239 /* Resources */,
			);
			buildRules = (
			);
			dependencies = (
			);
			name = test;
			productName = test;
			productReference = 38CB121E221542AE0011D239 /* test.app */;
			productType = "com.apple.product-type.application";
		};
/* End PBXNativeTarget section */

/* Begin PBXProject section */
		38CB1216221542AE0011D239 /* Project object */ = {
			isa = PBXProject;
			attributes = {
				LastUpgradeCheck = 1010;
				ORGANIZATIONNAME = soufun;
				TargetAttributes = {
					38CB121D221542AE0011D239 = {
						CreatedOnToolsVersion = 10.1;
					};
				};
			};
			buildConfigurationList = 38CB1219221542AE0011D239 /* Build configuration list for PBXProject "test" */;
			compatibilityVersion = "Xcode 9.3";
			developmentRegion = en;
			hasScannedForEncodings = 0;
			knownRegions = (
				en,
				Base,
			);
			mainGroup = 38CB1215221542AE0011D239;
			productRefGroup = 38CB121F221542AE0011D239 /* Products */;
			projectDirPath = "";
			projectRoot = "";
			targets = (
				38CB121D221542AE0011D239 /* test */,
			);
		};
/* End PBXProject section */

/* Begin PBXResourcesBuildPhase section */
		38CB121C221542AE0011D239 /* Resources */ = {
			isa = PBXResourcesBuildPhase;
			buildActionMask = 2147483647;
			files = (
				38CB1294221548F00011D239 /* 7.png in Resources */,
				38CB1292221548F00011D239 /* 1.png in Resources */,
				38CB128F221548F00011D239 /* 2.png in Resources */,
				38CB1296221548F00011D239 /* 9.png in Resources */,
				38CB1291221548F00011D239 /* 10.png in Resources */,
				38CB1293221548F00011D239 /* 6.png in Resources */,
				38CB122B221542B00011D239 /* Assets.xcassets in Resources */,
				B5D0AC57221660D40032236F /* Main.storyboard in Resources */,
				B5D0AC56221660D40032236F /* LaunchScreen.storyboard in Resources */,
				38CB128E221548F00011D239 /* 4.png in Resources */,
				38CB1295221548F00011D239 /* 5.png in Resources */,
				38CB1298221552C10011D239 /* im_messageList_noData_icon@3x.png in Resources */,
				38CB128D221548F00011D239 /* 3.png in Resources */,
				38CB1290221548F00011D239 /* 8.png in Resources */,
			);
			runOnlyForDeploymentPostprocessing = 0;
		};
/* End PBXResourcesBuildPhase section */

/* Begin PBXSourcesBuildPhase section */
		38CB121A221542AE0011D239 /* Sources */ = {
			isa = PBXSourcesBuildPhase;
			buildActionMask = 2147483647;
			files = (
				38CB1226221542AE0011D239 /* ViewController.m in Sources */,
				38CB126E221545830011D239 /* JXYBaseCardView.m in Sources */,
				38CB1231221542B00011D239 /* main.m in Sources */,
				38CB126C221545830011D239 /* TestADCardView.m in Sources */,
				38CB126D221545830011D239 /* JXYCardStackView.m in Sources */,
				38CB1223221542AE0011D239 /* AppDelegate.m in Sources */,
			);
			runOnlyForDeploymentPostprocessing = 0;
		};
/* End PBXSourcesBuildPhase section */

/* Begin PBXVariantGroup section */
		B5D0AC652216A9E80032236F /* Main.storyboard */ = {
			isa = PBXVariantGroup;
			children = (
				B5D0AC662216A9E80032236F /* Base */,
			);
			name = Main.storyboard;
			sourceTree = "<group>";
		};
		B5D0AC6A2216A9EA0032236F /* LaunchScreen.storyboard */ = {
			isa = PBXVariantGroup;
			children = (
				B5D0AC6B2216A9EA0032236F /* Base */,
			);
			name = LaunchScreen.storyboard;
			sourceTree = "<group>";
		};
/* End PBXVariantGroup section */

/* Begin XCBuildConfiguration section */
		38CB1248221542B00011D239 /* Debug */ = {
			isa = XCBuildConfiguration;
			buildSettings = {
				ALWAYS_SEARCH_USER_PATHS = NO;
				CLANG_ANALYZER_NONNULL = YES;
				CLANG_ANALYZER_NUMBER_OBJECT_CONVERSION = YES_AGGRESSIVE;
				CLANG_CXX_LANGUAGE_STANDARD = "gnu++14";
				CLANG_CXX_LIBRARY = "libc++";
				CLANG_ENABLE_MODULES = YES;
				CLANG_ENABLE_OBJC_ARC = YES;
				CLANG_ENABLE_OBJC_WEAK = YES;
				CLANG_WARN_BLOCK_CAPTURE_AUTORELEASING = YES;
				CLANG_WARN_BOOL_CONVERSION = YES;
				CLANG_WARN_COMMA = YES;
				CLANG_WARN_CONSTANT_CONVERSION = YES;
				CLANG_WARN_DEPRECATED_OBJC_IMPLEMENTATIONS = YES;
				CLANG_WARN_DIRECT_OBJC_ISA_USAGE = YES_ERROR;
				CLANG_WARN_DOCUMENTATION_COMMENTS = YES;
				CLANG_WARN_EMPTY_BODY = YES;
				CLANG_WARN_ENUM_CONVERSION = YES;
				CLANG_WARN_INFINITE_RECURSION = YES;
				CLANG_WARN_INT_CONVERSION = YES;
				CLANG_WARN_NON_LITERAL_NULL_CONVERSION = YES;
				CLANG_WARN_OBJC_IMPLICIT_RETAIN_SELF = YES;
				CLANG_WARN_OBJC_LITERAL_CONVERSION = YES;
				CLANG_WARN_OBJC_ROOT_CLASS = YES_ERROR;
				CLANG_WARN_RANGE_LOOP_ANALYSIS = YES;
				CLANG_WARN_STRICT_PROTOTYPES = YES;
				CLANG_WARN_SUSPICIOUS_MOVE = YES;
				CLANG_WARN_UNGUARDED_AVAILABILITY = YES_AGGRESSIVE;
				CLANG_WARN_UNREACHABLE_CODE = YES;
				CLANG_WARN__DUPLICATE_METHOD_MATCH = YES;
				CODE_SIGN_IDENTITY = "iPhone Developer";
				COPY_PHASE_STRIP = NO;
				DEBUG_INFORMATION_FORMAT = dwarf;
				ENABLE_STRICT_OBJC_MSGSEND = YES;
				ENABLE_TESTABILITY = YES;
				GCC_C_LANGUAGE_STANDARD = gnu11;
				GCC_DYNAMIC_NO_PIC = NO;
				GCC_NO_COMMON_BLOCKS = YES;
				GCC_OPTIMIZATION_LEVEL = 0;
				GCC_PREPROCESSOR_DEFINITIONS = (
					"DEBUG=1",
					"$(inherited)",
				);
				GCC_WARN_64_TO_32_BIT_CONVERSION = YES;
				GCC_WARN_ABOUT_RETURN_TYPE = YES_ERROR;
				GCC_WARN_UNDECLARED_SELECTOR = YES;
				GCC_WARN_UNINITIALIZED_AUTOS = YES_AGGRESSIVE;
				GCC_WARN_UNUSED_FUNCTION = YES;
				GCC_WARN_UNUSED_VARIABLE = YES;
				IPHONEOS_DEPLOYMENT_TARGET = 12.1;
				MTL_ENABLE_DEBUG_INFO = INCLUDE_SOURCE;
				MTL_FAST_MATH = YES;
				ONLY_ACTIVE_ARCH = YES;
				SDKROOT = iphoneos;
			};
			name = Debug;
		};
		38CB1249221542B00011D239 /* Release */ = {
			isa = XCBuildConfiguration;
			buildSettings = {
				ALWAYS_SEARCH_USER_PATHS = NO;
				CLANG_ANALYZER_NONNULL = YES;
				CLANG_ANALYZER_NUMBER_OBJECT_CONVERSION = YES_AGGRESSIVE;
				CLANG_CXX_LANGUAGE_STANDARD = "gnu++14";
				CLANG_CXX_LIBRARY = "libc++";
				CLANG_ENABLE_MODULES = YES;
				CLANG_ENABLE_OBJC_ARC = YES;
				CLANG_ENABLE_OBJC_WEAK = YES;
				CLANG_WARN_BLOCK_CAPTURE_AUTORELEASING = YES;
				CLANG_WARN_BOOL_CONVERSION = YES;
				CLANG_WARN_COMMA = YES;
				CLANG_WARN_CONSTANT_CONVERSION = YES;
				CLANG_WARN_DEPRECATED_OBJC_IMPLEMENTATIONS = YES;
				CLANG_WARN_DIRECT_OBJC_ISA_USAGE = YES_ERROR;
				CLANG_WARN_DOCUMENTATION_COMMENTS = YES;
				CLANG_WARN_EMPTY_BODY = YES;
				CLANG_WARN_ENUM_CONVERSION = YES;
				CLANG_WARN_INFINITE_RECURSION = YES;
				CLANG_WARN_INT_CONVERSION = YES;
				CLANG_WARN_NON_LITERAL_NULL_CONVERSION = YES;
				CLANG_WARN_OBJC_IMPLICIT_RETAIN_SELF = YES;
				CLANG_WARN_OBJC_LITERAL_CONVERSION = YES;
				CLANG_WARN_OBJC_ROOT_CLASS = YES_ERROR;
				CLANG_WARN_RANGE_LOOP_ANALYSIS = YES;
				CLANG_WARN_STRICT_PROTOTYPES = YES;
				CLANG_WARN_SUSPICIOUS_MOVE = YES;
				CLANG_WARN_UNGUARDED_AVAILABILITY = YES_AGGRESSIVE;
				CLANG_WARN_UNREACHABLE_CODE = YES;
				CLANG_WARN__DUPLICATE_METHOD_MATCH = YES;
				CODE_SIGN_IDENTITY = "iPhone Developer";
				COPY_PHASE_STRIP = NO;
				DEBUG_INFORMATION_FORMAT = "dwarf-with-dsym";
				ENABLE_NS_ASSERTIONS = NO;
				ENABLE_STRICT_OBJC_MSGSEND = YES;
				GCC_C_LANGUAGE_STANDARD = gnu11;
				GCC_NO_COMMON_BLOCKS = YES;
				GCC_WARN_64_TO_32_BIT_CONVERSION = YES;
				GCC_WARN_ABOUT_RETURN_TYPE = YES_ERROR;
				GCC_WARN_UNDECLARED_SELECTOR = YES;
				GCC_WARN_UNINITIALIZED_AUTOS = YES_AGGRESSIVE;
				GCC_WARN_UNUSED_FUNCTION = YES;
				GCC_WARN_UNUSED_VARIABLE = YES;
				IPHONEOS_DEPLOYMENT_TARGET = 12.1;
				MTL_ENABLE_DEBUG_INFO = NO;
				MTL_FAST_MATH = YES;
				SDKROOT = iphoneos;
				VALIDATE_PRODUCT = YES;
			};
			name = Release;
		};
		38CB124B221542B00011D239 /* Debug */ = {
			isa = XCBuildConfiguration;
			buildSettings = {
				ASSETCATALOG_COMPILER_APPICON_NAME = AppIcon;
				CODE_SIGN_IDENTITY = "iPhone Developer";
				CODE_SIGN_STYLE = Manual;
				DEVELOPMENT_TEAM = UUHH4G6PDA;
				INFOPLIST_FILE = test/Info.plist;
				IPHONEOS_DEPLOYMENT_TARGET = 9.0;
				LD_RUNPATH_SEARCH_PATHS = (
					"$(inherited)",
					"@executable_path/Frameworks",
				);
				PRODUCT_BUNDLE_IDENTIFIER = com.soufun.SoufunBasic;
				PRODUCT_NAME = "$(TARGET_NAME)";
				PROVISIONING_PROFILE_SPECIFIER = fang_hats;
				TARGETED_DEVICE_FAMILY = "1,2";
			};
			name = Debug;
		};
		38CB124C221542B00011D239 /* Release */ = {
			isa = XCBuildConfiguration;
			buildSettings = {
				ASSETCATALOG_COMPILER_APPICON_NAME = AppIcon;
				CODE_SIGN_IDENTITY = "iPhone Developer";
				CODE_SIGN_STYLE = Manual;
				DEVELOPMENT_TEAM = "";
				INFOPLIST_FILE = test/Info.plist;
				IPHONEOS_DEPLOYMENT_TARGET = 9.0;
				LD_RUNPATH_SEARCH_PATHS = (
					"$(inherited)",
					"@executable_path/Frameworks",
				);
				PRODUCT_BUNDLE_IDENTIFIER = com.soufun.SoufunBasic;
				PRODUCT_NAME = "$(TARGET_NAME)";
				PROVISIONING_PROFILE_SPECIFIER = "";
				TARGETED_DEVICE_FAMILY = "1,2";
			};
			name = Release;
		};
/* End XCBuildConfiguration section */

/* Begin XCConfigurationList section */
		38CB1219221542AE0011D239 /* Build configuration list for PBXProject "test" */ = {
			isa = XCConfigurationList;
			buildConfigurations = (
				38CB1248221542B00011D239 /* Debug */,
				38CB1249221542B00011D239 /* Release */,
			);
			defaultConfigurationIsVisible = 0;
			defaultConfigurationName = Release;
		};
		38CB124A221542B00011D239 /* Build configuration list for PBXNativeTarget "test" */ = {
			isa = XCConfigurationList;
			buildConfigurations = (
				38CB124B221542B00011D239 /* Debug */,
				38CB124C221542B00011D239 /* Release */,
			);
			defaultConfigurationIsVisible = 0;
			defaultConfigurationName = Release;
		};
/* End XCConfigurationList section */
	};
	rootObject = 38CB1216221542AE0011D239 /* Project object */;
}
